
Microsoft Visual Studio Solution File, Format Version 12.00
# Visual Studio Version 17
VisualStudioVersion = 17.10.35013.160
MinimumVisualStudioVersion = 10.0.40219.1
Project("{FAE04EC0-301F-11D3-BF4B-00C04F79EFBC}") = "HW6", "HW6.csproj", "{B92502F3-4236-4210-A0CD-1E6B728631AD}"
EndProject
Global
	GlobalSection(SolutionConfigurationPlatforms) = preSolution
		Debug|Any CPU = Debug|Any CPU
		Release|Any CPU = Release|Any CPU
	EndGlobalSection
	GlobalSection(ProjectConfigurationPlatforms) = postSolution
		{B92502F3-4236-4210-A0CD-1E6B728631AD}.Debug|Any CPU.ActiveCfg = Debug|Any CPU
		{B92502F3-4236-4210-A0CD-1E6B728631AD}.Debug|Any CPU.Build.0 = Debug|Any CPU
		{B92502F3-4236-4210-A0CD-1E6B728631AD}.Release|Any CPU.ActiveCfg = Release|Any CPU
		{B92502F3-4236-4210-A0CD-1E6B728631AD}.Release|Any CPU.Build.0 = Release|Any CPU
	EndGlobalSection
	GlobalSection(SolutionProperties) = preSolution
		HideSolutionNode = FALSE
	EndGlobalSection
	GlobalSection(ExtensibilityGlobals) = postSolution
		SolutionGuid = {6F35DBD4-33CB-439F-B55F-C0349C9B5FA0}
	EndGlobalSection
EndGlobal
