
Microsoft Visual Studio Solution File, Format Version 12.00
# Visual Studio Version 17
VisualStudioVersion = 17.9.34723.18
MinimumVisualStudioVersion = 10.0.40219.1
Project("{FAE04EC0-301F-11D3-BF4B-00C04F79EFBC}") = "DotnetSkillboxC#", "DotnetSkillboxC#.csproj", "{2E716AA1-BADB-4A65-A9DB-401F55B08073}"
EndProject
Global
	GlobalSection(SolutionConfigurationPlatforms) = preSolution
		Debug|Any CPU = Debug|Any CPU
		Release|Any CPU = Release|Any CPU
	EndGlobalSection
	GlobalSection(ProjectConfigurationPlatforms) = postSolution
		{2E716AA1-BADB-4A65-A9DB-401F55B08073}.Debug|Any CPU.ActiveCfg = Debug|Any CPU
		{2E716AA1-BADB-4A65-A9DB-401F55B08073}.Debug|Any CPU.Build.0 = Debug|Any CPU
		{2E716AA1-BADB-4A65-A9DB-401F55B08073}.Release|Any CPU.ActiveCfg = Release|Any CPU
		{2E716AA1-BADB-4A65-A9DB-401F55B08073}.Release|Any CPU.Build.0 = Release|Any CPU
	EndGlobalSection
	GlobalSection(SolutionProperties) = preSolution
		HideSolutionNode = FALSE
	EndGlobalSection
	GlobalSection(ExtensibilityGlobals) = postSolution
		SolutionGuid = {A580F64C-EBCF-494A-A17C-39BEC471781F}
	EndGlobalSection
EndGlobal
