
Microsoft Visual Studio Solution File, Format Version 12.00
Project("{FAE04EC0-301F-11D3-BF4B-00C04F79EFBC}") = "HW16", "HW16.csproj", "{D7B47B32-27A0-42AE-8238-77CAABCC2E85}"
EndProject
Global
	GlobalSection(SolutionConfigurationPlatforms) = preSolution
		Debug|Any CPU = Debug|Any CPU
		Release|Any CPU = Release|Any CPU
	EndGlobalSection
	GlobalSection(ProjectConfigurationPlatforms) = postSolution
		{D7B47B32-27A0-42AE-8238-77CAABCC2E85}.Debug|Any CPU.ActiveCfg = Debug|Any CPU
		{D7B47B32-27A0-42AE-8238-77CAABCC2E85}.Debug|Any CPU.Build.0 = Debug|Any CPU
		{D7B47B32-27A0-42AE-8238-77CAABCC2E85}.Release|Any CPU.ActiveCfg = Release|Any CPU
		{D7B47B32-27A0-42AE-8238-77CAABCC2E85}.Release|Any CPU.Build.0 = Release|Any CPU
	EndGlobalSection
EndGlobal
