
Microsoft Visual Studio Solution File, Format Version 12.00
# Visual Studio Version 17
VisualStudioVersion = 17.10.35201.131
MinimumVisualStudioVersion = 10.0.40219.1
Project("{9A19103F-16F7-4668-BE54-9A1E7A4F7556}") = "HW10", "Core\HW10.csproj", "{CAF6AB41-9E54-49B3-8E23-91EE0538AFD6}"
EndProject
Project("{FAE04EC0-301F-11D3-BF4B-00C04F79EFBC}") = "WPF", "..\WPF\WPF.csproj", "{FFE4D236-9C43-46C7-A4F4-7F1824BBD7B5}"
EndProject
Global
	GlobalSection(SolutionConfigurationPlatforms) = preSolution
		Debug|Any CPU = Debug|Any CPU
		Release|Any CPU = Release|Any CPU
	EndGlobalSection
	GlobalSection(ProjectConfigurationPlatforms) = postSolution
		{CAF6AB41-9E54-49B3-8E23-91EE0538AFD6}.Debug|Any CPU.ActiveCfg = Debug|Any CPU
		{CAF6AB41-9E54-49B3-8E23-91EE0538AFD6}.Debug|Any CPU.Build.0 = Debug|Any CPU
		{CAF6AB41-9E54-49B3-8E23-91EE0538AFD6}.Release|Any CPU.ActiveCfg = Release|Any CPU
		{CAF6AB41-9E54-49B3-8E23-91EE0538AFD6}.Release|Any CPU.Build.0 = Release|Any CPU
		{FFE4D236-9C43-46C7-A4F4-7F1824BBD7B5}.Debug|Any CPU.ActiveCfg = Debug|Any CPU
		{FFE4D236-9C43-46C7-A4F4-7F1824BBD7B5}.Debug|Any CPU.Build.0 = Debug|Any CPU
		{FFE4D236-9C43-46C7-A4F4-7F1824BBD7B5}.Release|Any CPU.ActiveCfg = Release|Any CPU
		{FFE4D236-9C43-46C7-A4F4-7F1824BBD7B5}.Release|Any CPU.Build.0 = Release|Any CPU
	EndGlobalSection
	GlobalSection(SolutionProperties) = preSolution
		HideSolutionNode = FALSE
	EndGlobalSection
	GlobalSection(ExtensibilityGlobals) = postSolution
		SolutionGuid = {88BF2235-16B9-485D-9B63-2C14E7E8172F}
	EndGlobalSection
EndGlobal
