
Microsoft Visual Studio Solution File, Format Version 12.00
# Visual Studio Version 17
VisualStudioVersion = 17.10.35013.160
MinimumVisualStudioVersion = 10.0.40219.1
Project("{FAE04EC0-301F-11D3-BF4B-00C04F79EFBC}") = "HWUnity", "HWUnity.csproj", "{99705A36-AC20-4060-B1AC-5DFBBD7BACCC}"
EndProject
Global
	GlobalSection(SolutionConfigurationPlatforms) = preSolution
		Debug|Any CPU = Debug|Any CPU
		Release|Any CPU = Release|Any CPU
	EndGlobalSection
	GlobalSection(ProjectConfigurationPlatforms) = postSolution
		{99705A36-AC20-4060-B1AC-5DFBBD7BACCC}.Debug|Any CPU.ActiveCfg = Debug|Any CPU
		{99705A36-AC20-4060-B1AC-5DFBBD7BACCC}.Debug|Any CPU.Build.0 = Debug|Any CPU
		{99705A36-AC20-4060-B1AC-5DFBBD7BACCC}.Release|Any CPU.ActiveCfg = Release|Any CPU
		{99705A36-AC20-4060-B1AC-5DFBBD7BACCC}.Release|Any CPU.Build.0 = Release|Any CPU
	EndGlobalSection
	GlobalSection(SolutionProperties) = preSolution
		HideSolutionNode = FALSE
	EndGlobalSection
	GlobalSection(ExtensibilityGlobals) = postSolution
		SolutionGuid = {1DD2CFB1-AFF8-4BBF-8F02-349E575EB264}
	EndGlobalSection
EndGlobal
