
Microsoft Visual Studio Solution File, Format Version 12.00
# Visual Studio Version 17
VisualStudioVersion = 17.10.35013.160
MinimumVisualStudioVersion = 10.0.40219.1
Project("{FAE04EC0-301F-11D3-BF4B-00C04F79EFBC}") = "HW7", "HW7.csproj", "{8F66AE1F-37BB-4F1D-A10E-6CDF5BEA61E0}"
EndProject
Global
	GlobalSection(SolutionConfigurationPlatforms) = preSolution
		Debug|Any CPU = Debug|Any CPU
		Release|Any CPU = Release|Any CPU
	EndGlobalSection
	GlobalSection(ProjectConfigurationPlatforms) = postSolution
		{8F66AE1F-37BB-4F1D-A10E-6CDF5BEA61E0}.Debug|Any CPU.ActiveCfg = Debug|Any CPU
		{8F66AE1F-37BB-4F1D-A10E-6CDF5BEA61E0}.Debug|Any CPU.Build.0 = Debug|Any CPU
		{8F66AE1F-37BB-4F1D-A10E-6CDF5BEA61E0}.Release|Any CPU.ActiveCfg = Release|Any CPU
		{8F66AE1F-37BB-4F1D-A10E-6CDF5BEA61E0}.Release|Any CPU.Build.0 = Release|Any CPU
	EndGlobalSection
	GlobalSection(SolutionProperties) = preSolution
		HideSolutionNode = FALSE
	EndGlobalSection
	GlobalSection(ExtensibilityGlobals) = postSolution
		SolutionGuid = {B23DCE11-B94D-4A90-BDC3-26C0D4397CD6}
	EndGlobalSection
EndGlobal
